
Microsoft Visual Studio Solution File, Format Version 12.00
# Visual Studio 14
VisualStudioVersion = 14.0.25420.1
MinimumVisualStudioVersion = 10.0.40219.1
Project("{FAE04EC0-301F-11D3-BF4B-00C04F79EFBC}") = "ecoboe249.Negocio.Algoritmos", "ecoboe249.Negocio.Algoritmos\ecoboe249.Negocio.Algoritmos.csproj", "{F307EA81-F427-4446-9B1B-DF2955FA5047}"
EndProject
Project("{FAE04EC0-301F-11D3-BF4B-00C04F79EFBC}") = "ecoboe249.Negocio.Algoritmos.UnitTests", "ecoboe249.Negocio.Algoritmos.UnitTests\ecoboe249.Negocio.Algoritmos.UnitTests.csproj", "{EAC219D7-DD17-4EE2-805A-EFB0AEE5DABD}"
EndProject
Project("{FAE04EC0-301F-11D3-BF4B-00C04F79EFBC}") = "Inversiones.DS", "Inversiones.DS\Inversiones.DS.csproj", "{F3FC3888-6D48-42D0-A303-8CC50567DD02}"
EndProject
Global
	GlobalSection(SolutionConfigurationPlatforms) = preSolution
		Debug|Any CPU = Debug|Any CPU
		Release|Any CPU = Release|Any CPU
	EndGlobalSection
	GlobalSection(ProjectConfigurationPlatforms) = postSolution
		{F307EA81-F427-4446-9B1B-DF2955FA5047}.Debug|Any CPU.ActiveCfg = Debug|Any CPU
		{F307EA81-F427-4446-9B1B-DF2955FA5047}.Debug|Any CPU.Build.0 = Debug|Any CPU
		{F307EA81-F427-4446-9B1B-DF2955FA5047}.Release|Any CPU.ActiveCfg = Release|Any CPU
		{F307EA81-F427-4446-9B1B-DF2955FA5047}.Release|Any CPU.Build.0 = Release|Any CPU
		{EAC219D7-DD17-4EE2-805A-EFB0AEE5DABD}.Debug|Any CPU.ActiveCfg = Debug|Any CPU
		{EAC219D7-DD17-4EE2-805A-EFB0AEE5DABD}.Debug|Any CPU.Build.0 = Debug|Any CPU
		{EAC219D7-DD17-4EE2-805A-EFB0AEE5DABD}.Release|Any CPU.ActiveCfg = Release|Any CPU
		{EAC219D7-DD17-4EE2-805A-EFB0AEE5DABD}.Release|Any CPU.Build.0 = Release|Any CPU
		{F3FC3888-6D48-42D0-A303-8CC50567DD02}.Debug|Any CPU.ActiveCfg = Debug|Any CPU
		{F3FC3888-6D48-42D0-A303-8CC50567DD02}.Debug|Any CPU.Build.0 = Debug|Any CPU
		{F3FC3888-6D48-42D0-A303-8CC50567DD02}.Release|Any CPU.ActiveCfg = Release|Any CPU
		{F3FC3888-6D48-42D0-A303-8CC50567DD02}.Release|Any CPU.Build.0 = Release|Any CPU
	EndGlobalSection
	GlobalSection(SolutionProperties) = preSolution
		HideSolutionNode = FALSE
	EndGlobalSection
EndGlobal
